Microsoft Visual Studio Solution File, Format Version 12.00
# Visual Studio 2012
Project("{FAE04EC0-301F-11D3-BF4B-00C04F79EFBC}") = "AI Game 2", "AI Game 2.csproj", "{07A1D429-B99E-4E90-9F8D-BC564956E303}"
EndProject
Global
	GlobalSection(SolutionConfigurationPlatforms) = preSolution
	Debug|Any CPU = Debug|Any CPU
	ExportDebug|Any CPU = ExportDebug|Any CPU
	ExportRelease|Any CPU = ExportRelease|Any CPU
	EndGlobalSection
	GlobalSection(ProjectConfigurationPlatforms) = postSolution
		{07A1D429-B99E-4E90-9F8D-BC564956E303}.Debug|Any CPU.ActiveCfg = Debug|Any CPU
		{07A1D429-B99E-4E90-9F8D-BC564956E303}.Debug|Any CPU.Build.0 = Debug|Any CPU
		{07A1D429-B99E-4E90-9F8D-BC564956E303}.ExportDebug|Any CPU.ActiveCfg = ExportDebug|Any CPU
		{07A1D429-B99E-4E90-9F8D-BC564956E303}.ExportDebug|Any CPU.Build.0 = ExportDebug|Any CPU
		{07A1D429-B99E-4E90-9F8D-BC564956E303}.ExportRelease|Any CPU.ActiveCfg = ExportRelease|Any CPU
		{07A1D429-B99E-4E90-9F8D-BC564956E303}.ExportRelease|Any CPU.Build.0 = ExportRelease|Any CPU
	EndGlobalSection
EndGlobal
